// !$*UTF8*$!
{
	archiveVersion = 1;
	classes = {
	};
	objectVersion = 50;
	objects = {

/* Begin PBXBuildFile section */
		4ED0280A21A328C700094EAF /* AppDelegate.swift in Sources */ = {isa = PBXBuildFile; fileRef = 4ED0280921A328C700094EAF /* AppDelegate.swift */; };
		4ED0280C21A328C700094EAF /* MainViewController.swift in Sources */ = {isa = PBXBuildFile; fileRef = 4ED0280B21A328C700094EAF /* MainViewController.swift */; };
		4ED0280F21A328C700094EAF /* MainViewController.storyboard in Resources */ = {isa = PBXBuildFile; fileRef = 4ED0280D21A328C700094EAF /* MainViewController.storyboard */; };
		4ED0281221A328C700094EAF /* SportTeam.xcdatamodeld in Sources */ = {isa = PBXBuildFile; fileRef = 4ED0281021A328C700094EAF /* SportTeam.xcdatamodeld */; };
		4ED0281421A328C800094EAF /* Assets.xcassets in Resources */ = {isa = PBXBuildFile; fileRef = 4ED0281321A328C800094EAF /* Assets.xcassets */; };
		4ED0281721A328C800094EAF /* LaunchScreen.storyboard in Resources */ = {isa = PBXBuildFile; fileRef = 4ED0281521A328C800094EAF /* LaunchScreen.storyboard */; };
		4ED0282021A32A5400094EAF /* CoreDataManager.swift in Sources */ = {isa = PBXBuildFile; fileRef = 4ED0281F21A32A5400094EAF /* CoreDataManager.swift */; };
		4ED0282321A338B100094EAF /* PlayerViewController.swift in Sources */ = {isa = PBXBuildFile; fileRef = 4ED0282221A338B100094EAF /* PlayerViewController.swift */; };
		4ED0282521A338E900094EAF /* PlayerViewController.storyboard in Resources */ = {isa = PBXBuildFile; fileRef = 4ED0282421A338E900094EAF /* PlayerViewController.storyboard */; };
		4ED0282721A33E7500094EAF /* PlayerTableViewCell.swift in Sources */ = {isa = PBXBuildFile; fileRef = 4ED0282621A33E7500094EAF /* PlayerTableViewCell.swift */; };
		4ED0282D21A4A86400094EAF /* PresetData.swift in Sources */ = {isa = PBXBuildFile; fileRef = 4ED0282C21A4A86400094EAF /* PresetData.swift */; };
		4ED0282F21A6EE4A00094EAF /* KeyboardService.swift in Sources */ = {isa = PBXBuildFile; fileRef = 4ED0282E21A6EE4A00094EAF /* KeyboardService.swift */; };
		4ED0283221AAF2C600094EAF /* SearchViewController.swift in Sources */ = {isa = PBXBuildFile; fileRef = 4ED0283021AAF2C600094EAF /* SearchViewController.swift */; };
		4ED0283321AAF2C600094EAF /* SearchViewController.xib in Resources */ = {isa = PBXBuildFile; fileRef = 4ED0283121AAF2C600094EAF /* SearchViewController.xib */; };
		4ED0283521AAF97C00094EAF /* RoundedCornerView.swift in Sources */ = {isa = PBXBuildFile; fileRef = 4ED0283421AAF97C00094EAF /* RoundedCornerView.swift */; };
		4ED0283721ADCBED00094EAF /* EditingPlayer.swift in Sources */ = {isa = PBXBuildFile; fileRef = 4ED0283621ADCBED00094EAF /* EditingPlayer.swift */; };
		4ED0284021AE25E600094EAF /* MainViewController+TableViewDelegate.swift in Sources */ = {isa = PBXBuildFile; fileRef = 4ED0283F21AE25E600094EAF /* MainViewController+TableViewDelegate.swift */; };
		4ED0284221AE27AD00094EAF /* MainViewController+TableViewDataSource.swift in Sources */ = {isa = PBXBuildFile; fileRef = 4ED0284121AE27AD00094EAF /* MainViewController+TableViewDataSource.swift */; };
		4ED0284421AEACE200094EAF /* PlayerViewController+Extensions.swift in Sources */ = {isa = PBXBuildFile; fileRef = 4ED0284321AEACE200094EAF /* PlayerViewController+Extensions.swift */; };
/* End PBXBuildFile section */

/* Begin PBXFileReference section */
		4ED0280621A328C700094EAF /* SportTeamManager.app */ = {isa = PBXFileReference; explicitFileType = wrapper.application; includeInIndex = 0; path = SportTeamManager.app; sourceTree = BUILT_PRODUCTS_DIR; };
		4ED0280921A328C700094EAF /* AppDelegate.swift */ = {isa = PBXFileReference; lastKnownFileType = sourcecode.swift; path = AppDelegate.swift; sourceTree = "<group>"; };
		4ED0280B21A328C700094EAF /* MainViewController.swift */ = {isa = PBXFileReference; lastKnownFileType = sourcecode.swift; path = MainViewController.swift; sourceTree = "<group>"; };
		4ED0280E21A328C700094EAF /* Base */ = {isa = PBXFileReference; lastKnownFileType = file.storyboard; name = Base; path = Base.lproj/MainViewController.storyboard; sourceTree = "<group>"; };
		4ED0281121A328C700094EAF /* SportTeamManager.xcdatamodel */ = {isa = PBXFileReference; lastKnownFileType = wrapper.xcdatamodel; path = SportTeamManager.xcdatamodel; sourceTree = "<group>"; };
		4ED0281321A328C800094EAF /* Assets.xcassets */ = {isa = PBXFileReference; lastKnownFileType = folder.assetcatalog; path = Assets.xcassets; sourceTree = "<group>"; };
		4ED0281621A328C800094EAF /* Base */ = {isa = PBXFileReference; lastKnownFileType = file.storyboard; name = Base; path = Base.lproj/LaunchScreen.storyboard; sourceTree = "<group>"; };
		4ED0281821A328C800094EAF /* Info.plist */ = {isa = PBXFileReference; lastKnownFileType = text.plist.xml; path = Info.plist; sourceTree = "<group>"; };
		4ED0281F21A32A5400094EAF /* CoreDataManager.swift */ = {isa = PBXFileReference; lastKnownFileType = sourcecode.swift; path = CoreDataManager.swift; sourceTree = "<group>"; };
		4ED0282221A338B100094EAF /* PlayerViewController.swift */ = {isa = PBXFileReference; lastKnownFileType = sourcecode.swift; path = PlayerViewController.swift; sourceTree = "<group>"; };
		4ED0282421A338E900094EAF /* PlayerViewController.storyboard */ = {isa = PBXFileReference; lastKnownFileType = file.storyboard; path = PlayerViewController.storyboard; sourceTree = "<group>"; };
		4ED0282621A33E7500094EAF /* PlayerTableViewCell.swift */ = {isa = PBXFileReference; lastKnownFileType = sourcecode.swift; path = PlayerTableViewCell.swift; sourceTree = "<group>"; };
		4ED0282C21A4A86400094EAF /* PresetData.swift */ = {isa = PBXFileReference; lastKnownFileType = sourcecode.swift; path = PresetData.swift; sourceTree = "<group>"; };
		4ED0282E21A6EE4A00094EAF /* KeyboardService.swift */ = {isa = PBXFileReference; lastKnownFileType = sourcecode.swift; path = KeyboardService.swift; sourceTree = "<group>"; };
		4ED0283021AAF2C600094EAF /* SearchViewController.swift */ = {isa = PBXFileReference; lastKnownFileType = sourcecode.swift; name = SearchViewController.swift; path = SportTeamManager/Controllers/SearchController/SearchViewController.swift; sourceTree = SOURCE_ROOT; };
		4ED0283121AAF2C600094EAF /* SearchViewController.xib */ = {isa = PBXFileReference; lastKnownFileType = file.xib; name = SearchViewController.xib; path = SportTeamManager/Controllers/SearchController/SearchViewController.xib; sourceTree = SOURCE_ROOT; };
		4ED0283421AAF97C00094EAF /* RoundedCornerView.swift */ = {isa = PBXFileReference; lastKnownFileType = sourcecode.swift; path = RoundedCornerView.swift; sourceTree = "<group>"; };
		4ED0283621ADCBED00094EAF /* EditingPlayer.swift */ = {isa = PBXFileReference; lastKnownFileType = sourcecode.swift; path = EditingPlayer.swift; sourceTree = "<group>"; };
		4ED0283F21AE25E600094EAF /* MainViewController+TableViewDelegate.swift */ = {isa = PBXFileReference; lastKnownFileType = sourcecode.swift; path = "MainViewController+TableViewDelegate.swift"; sourceTree = "<group>"; };
		4ED0284121AE27AD00094EAF /* MainViewController+TableViewDataSource.swift */ = {isa = PBXFileReference; lastKnownFileType = sourcecode.swift; path = "MainViewController+TableViewDataSource.swift"; sourceTree = "<group>"; };
		4ED0284321AEACE200094EAF /* PlayerViewController+Extensions.swift */ = {isa = PBXFileReference; lastKnownFileType = sourcecode.swift; path = "PlayerViewController+Extensions.swift"; sourceTree = "<group>"; };
/* End PBXFileReference section */

/* Begin PBXFrameworksBuildPhase section */
		4ED0280321A328C700094EAF /* Frameworks */ = {
			isa = PBXFrameworksBuildPhase;
			buildActionMask = 2147483647;
			files = (
			);
			runOnlyForDeploymentPostprocessing = 0;
		};
/* End PBXFrameworksBuildPhase section */

/* Begin PBXGroup section */
		4ED027FD21A328C600094EAF = {
			isa = PBXGroup;
			children = (
				4ED0280821A328C700094EAF /* SportTeamManager */,
				4ED0280721A328C700094EAF /* Products */,
			);
			sourceTree = "<group>";
		};
		4ED0280721A328C700094EAF /* Products */ = {
			isa = PBXGroup;
			children = (
				4ED0280621A328C700094EAF /* SportTeamManager.app */,
			);
			name = Products;
			sourceTree = "<group>";
		};
		4ED0280821A328C700094EAF /* SportTeamManager */ = {
			isa = PBXGroup;
			children = (
				4ED0283421AAF97C00094EAF /* RoundedCornerView.swift */,
				4ED0282E21A6EE4A00094EAF /* KeyboardService.swift */,
				4ED0283621ADCBED00094EAF /* EditingPlayer.swift */,
				4ED0281E21A32A2100094EAF /* Model */,
				4ED0282121A334E600094EAF /* Controllers */,
				4ED0281321A328C800094EAF /* Assets.xcassets */,
				4ED0280921A328C700094EAF /* AppDelegate.swift */,
				4ED0281521A328C800094EAF /* LaunchScreen.storyboard */,
				4ED0281821A328C800094EAF /* Info.plist */,
			);
			path = SportTeamManager;
			sourceTree = "<group>";
		};
		4ED0281E21A32A2100094EAF /* Model */ = {
			isa = PBXGroup;
			children = (
				4ED0282C21A4A86400094EAF /* PresetData.swift */,
				4ED0281021A328C700094EAF /* SportTeam.xcdatamodeld */,
				4ED0281F21A32A5400094EAF /* CoreDataManager.swift */,
			);
			path = Model;
			sourceTree = "<group>";
		};
		4ED0282121A334E600094EAF /* Controllers */ = {
			isa = PBXGroup;
			children = (
				4ED0283821ADDB3300094EAF /* MainController */,
				4ED0283921ADDB4400094EAF /* PlayerController */,
				4ED0283A21ADDB5800094EAF /* SearchController */,
			);
			path = Controllers;
			sourceTree = "<group>";
		};
		4ED0283821ADDB3300094EAF /* MainController */ = {
			isa = PBXGroup;
			children = (
				4ED0280B21A328C700094EAF /* MainViewController.swift */,
				4ED0283F21AE25E600094EAF /* MainViewController+TableViewDelegate.swift */,
				4ED0284121AE27AD00094EAF /* MainViewController+TableViewDataSource.swift */,
				4ED0280D21A328C700094EAF /* MainViewController.storyboard */,
				4ED0282621A33E7500094EAF /* PlayerTableViewCell.swift */,
			);
			path = MainController;
			sourceTree = "<group>";
		};
		4ED0283921ADDB4400094EAF /* PlayerController */ = {
			isa = PBXGroup;
			children = (
				4ED0282221A338B100094EAF /* PlayerViewController.swift */,
				4ED0284321AEACE200094EAF /* PlayerViewController+Extensions.swift */,
				4ED0282421A338E900094EAF /* PlayerViewController.storyboard */,
			);
			path = PlayerController;
			sourceTree = "<group>";
		};
		4ED0283A21ADDB5800094EAF /* SearchController */ = {
			isa = PBXGroup;
			children = (
				4ED0283021AAF2C600094EAF /* SearchViewController.swift */,
				4ED0283121AAF2C600094EAF /* SearchViewController.xib */,
			);
			path = SearchController;
			sourceTree = "<group>";
		};
/* End PBXGroup section */

/* Begin PBXNativeTarget section */
		4ED0280521A328C700094EAF /* SportTeamManager */ = {
			isa = PBXNativeTarget;
			buildConfigurationList = 4ED0281B21A328C800094EAF /* Build configuration list for PBXNativeTarget "SportTeamManager" */;
			buildPhases = (
				4ED0280221A328C700094EAF /* Sources */,
				4ED0280321A328C700094EAF /* Frameworks */,
				4ED0280421A328C700094EAF /* Resources */,
			);
			buildRules = (
			);
			dependencies = (
			);
			name = SportTeamManager;
			productName = SportTeamManager;
			productReference = 4ED0280621A328C700094EAF /* SportTeamManager.app */;
			productType = "com.apple.product-type.application";
		};
/* End PBXNativeTarget section */

/* Begin PBXProject section */
		4ED027FE21A328C600094EAF /* Project object */ = {
			isa = PBXProject;
			attributes = {
				LastSwiftUpdateCheck = 1010;
				LastUpgradeCheck = 1010;
				ORGANIZATIONNAME = "Veronika Danilova";
				TargetAttributes = {
					4ED0280521A328C700094EAF = {
						CreatedOnToolsVersion = 10.1;
					};
				};
			};
			buildConfigurationList = 4ED0280121A328C600094EAF /* Build configuration list for PBXProject "SportTeamManager" */;
			compatibilityVersion = "Xcode 9.3";
			developmentRegion = en;
			hasScannedForEncodings = 0;
			knownRegions = (
				en,
				Base,
			);
			mainGroup = 4ED027FD21A328C600094EAF;
			productRefGroup = 4ED0280721A328C700094EAF /* Products */;
			projectDirPath = "";
			projectRoot = "";
			targets = (
				4ED0280521A328C700094EAF /* SportTeamManager */,
			);
		};
/* End PBXProject section */

/* Begin PBXResourcesBuildPhase section */
		4ED0280421A328C700094EAF /* Resources */ = {
			isa = PBXResourcesBuildPhase;
			buildActionMask = 2147483647;
			files = (
				4ED0281721A328C800094EAF /* LaunchScreen.storyboard in Resources */,
				4ED0281421A328C800094EAF /* Assets.xcassets in Resources */,
				4ED0282521A338E900094EAF /* PlayerViewController.storyboard in Resources */,
				4ED0283321AAF2C600094EAF /* SearchViewController.xib in Resources */,
				4ED0280F21A328C700094EAF /* MainViewController.storyboard in Resources */,
			);
			runOnlyForDeploymentPostprocessing = 0;
		};
/* End PBXResourcesBuildPhase section */

/* Begin PBXSourcesBuildPhase section */
		4ED0280221A328C700094EAF /* Sources */ = {
			isa = PBXSourcesBuildPhase;
			buildActionMask = 2147483647;
			files = (
				4ED0283721ADCBED00094EAF /* EditingPlayer.swift in Sources */,
				4ED0282721A33E7500094EAF /* PlayerTableViewCell.swift in Sources */,
				4ED0280C21A328C700094EAF /* MainViewController.swift in Sources */,
				4ED0282F21A6EE4A00094EAF /* KeyboardService.swift in Sources */,
				4ED0283221AAF2C600094EAF /* SearchViewController.swift in Sources */,
				4ED0284421AEACE200094EAF /* PlayerViewController+Extensions.swift in Sources */,
				4ED0282D21A4A86400094EAF /* PresetData.swift in Sources */,
				4ED0283521AAF97C00094EAF /* RoundedCornerView.swift in Sources */,
				4ED0284021AE25E600094EAF /* MainViewController+TableViewDelegate.swift in Sources */,
				4ED0282021A32A5400094EAF /* CoreDataManager.swift in Sources */,
				4ED0281221A328C700094EAF /* SportTeam.xcdatamodeld in Sources */,
				4ED0280A21A328C700094EAF /* AppDelegate.swift in Sources */,
				4ED0284221AE27AD00094EAF /* MainViewController+TableViewDataSource.swift in Sources */,
				4ED0282321A338B100094EAF /* PlayerViewController.swift in Sources */,
			);
			runOnlyForDeploymentPostprocessing = 0;
		};
/* End PBXSourcesBuildPhase section */

/* Begin PBXVariantGroup section */
		4ED0280D21A328C700094EAF /* MainViewController.storyboard */ = {
			isa = PBXVariantGroup;
			children = (
				4ED0280E21A328C700094EAF /* Base */,
			);
			name = MainViewController.storyboard;
			sourceTree = "<group>";
		};
		4ED0281521A328C800094EAF /* LaunchScreen.storyboard */ = {
			isa = PBXVariantGroup;
			children = (
				4ED0281621A328C800094EAF /* Base */,
			);
			name = LaunchScreen.storyboard;
			sourceTree = "<group>";
		};
/* End PBXVariantGroup section */

/* Begin XCBuildConfiguration section */
		4ED0281921A328C800094EAF /* Debug */ = {
			isa = XCBuildConfiguration;
			buildSettings = {
				ALWAYS_SEARCH_USER_PATHS = NO;
				CLANG_ANALYZER_NONNULL = YES;
				CLANG_ANALYZER_NUMBER_OBJECT_CONVERSION = YES_AGGRESSIVE;
				CLANG_CXX_LANGUAGE_STANDARD = "gnu++14";
				CLANG_CXX_LIBRARY = "libc++";
				CLANG_ENABLE_MODULES = YES;
				CLANG_ENABLE_OBJC_ARC = YES;
				CLANG_ENABLE_OBJC_WEAK = YES;
				CLANG_WARN_BLOCK_CAPTURE_AUTORELEASING = YES;
				CLANG_WARN_BOOL_CONVERSION = YES;
				CLANG_WARN_COMMA = YES;
				CLANG_WARN_CONSTANT_CONVERSION = YES;
				CLANG_WARN_DEPRECATED_OBJC_IMPLEMENTATIONS = YES;
				CLANG_WARN_DIRECT_OBJC_ISA_USAGE = YES_ERROR;
				CLANG_WARN_DOCUMENTATION_COMMENTS = YES;
				CLANG_WARN_EMPTY_BODY = YES;
				CLANG_WARN_ENUM_CONVERSION = YES;
				CLANG_WARN_INFINITE_RECURSION = YES;
				CLANG_WARN_INT_CONVERSION = YES;
				CLANG_WARN_NON_LITERAL_NULL_CONVERSION = YES;
				CLANG_WARN_OBJC_IMPLICIT_RETAIN_SELF = YES;
				CLANG_WARN_OBJC_LITERAL_CONVERSION = YES;
				CLANG_WARN_OBJC_ROOT_CLASS = YES_ERROR;
				CLANG_WARN_RANGE_LOOP_ANALYSIS = YES;
				CLANG_WARN_STRICT_PROTOTYPES = YES;
				CLANG_WARN_SUSPICIOUS_MOVE = YES;
				CLANG_WARN_UNGUARDED_AVAILABILITY = YES_AGGRESSIVE;
				CLANG_WARN_UNREACHABLE_CODE = YES;
				CLANG_WARN__DUPLICATE_METHOD_MATCH = YES;
				CODE_SIGN_IDENTITY = "iPhone Developer";
				COPY_PHASE_STRIP = NO;
				DEBUG_INFORMATION_FORMAT = dwarf;
				ENABLE_STRICT_OBJC_MSGSEND = YES;
				ENABLE_TESTABILITY = YES;
				GCC_C_LANGUAGE_STANDARD = gnu11;
				GCC_DYNAMIC_NO_PIC = NO;
				GCC_NO_COMMON_BLOCKS = YES;
				GCC_OPTIMIZATION_LEVEL = 0;
				GCC_PREPROCESSOR_DEFINITIONS = (
					"DEBUG=1",
					"$(inherited)",
				);
				GCC_WARN_64_TO_32_BIT_CONVERSION = YES;
				GCC_WARN_ABOUT_RETURN_TYPE = YES_ERROR;
				GCC_WARN_UNDECLARED_SELECTOR = YES;
				GCC_WARN_UNINITIALIZED_AUTOS = YES_AGGRESSIVE;
				GCC_WARN_UNUSED_FUNCTION = YES;
				GCC_WARN_UNUSED_VARIABLE = YES;
				IPHONEOS_DEPLOYMENT_TARGET = 12.1;
				MTL_ENABLE_DEBUG_INFO = INCLUDE_SOURCE;
				MTL_FAST_MATH = YES;
				ONLY_ACTIVE_ARCH = YES;
				SDKROOT = iphoneos;
				SWIFT_ACTIVE_COMPILATION_CONDITIONS = DEBUG;
				SWIFT_OPTIMIZATION_LEVEL = "-Onone";
			};
			name = Debug;
		};
		4ED0281A21A328C800094EAF /* Release */ = {
			isa = XCBuildConfiguration;
			buildSettings = {
				ALWAYS_SEARCH_USER_PATHS = NO;
				CLANG_ANALYZER_NONNULL = YES;
				CLANG_ANALYZER_NUMBER_OBJECT_CONVERSION = YES_AGGRESSIVE;
				CLANG_CXX_LANGUAGE_STANDARD = "gnu++14";
				CLANG_CXX_LIBRARY = "libc++";
				CLANG_ENABLE_MODULES = YES;
				CLANG_ENABLE_OBJC_ARC = YES;
				CLANG_ENABLE_OBJC_WEAK = YES;
				CLANG_WARN_BLOCK_CAPTURE_AUTORELEASING = YES;
				CLANG_WARN_BOOL_CONVERSION = YES;
				CLANG_WARN_COMMA = YES;
				CLANG_WARN_CONSTANT_CONVERSION = YES;
				CLANG_WARN_DEPRECATED_OBJC_IMPLEMENTATIONS = YES;
				CLANG_WARN_DIRECT_OBJC_ISA_USAGE = YES_ERROR;
				CLANG_WARN_DOCUMENTATION_COMMENTS = YES;
				CLANG_WARN_EMPTY_BODY = YES;
				CLANG_WARN_ENUM_CONVERSION = YES;
				CLANG_WARN_INFINITE_RECURSION = YES;
				CLANG_WARN_INT_CONVERSION = YES;
				CLANG_WARN_NON_LITERAL_NULL_CONVERSION = YES;
				CLANG_WARN_OBJC_IMPLICIT_RETAIN_SELF = YES;
				CLANG_WARN_OBJC_LITERAL_CONVERSION = YES;
				CLANG_WARN_OBJC_ROOT_CLASS = YES_ERROR;
				CLANG_WARN_RANGE_LOOP_ANALYSIS = YES;
				CLANG_WARN_STRICT_PROTOTYPES = YES;
				CLANG_WARN_SUSPICIOUS_MOVE = YES;
				CLANG_WARN_UNGUARDED_AVAILABILITY = YES_AGGRESSIVE;
				CLANG_WARN_UNREACHABLE_CODE = YES;
				CLANG_WARN__DUPLICATE_METHOD_MATCH = YES;
				CODE_SIGN_IDENTITY = "iPhone Developer";
				COPY_PHASE_STRIP = NO;
				DEBUG_INFORMATION_FORMAT = "dwarf-with-dsym";
				ENABLE_NS_ASSERTIONS = NO;
				ENABLE_STRICT_OBJC_MSGSEND = YES;
				GCC_C_LANGUAGE_STANDARD = gnu11;
				GCC_NO_COMMON_BLOCKS = YES;
				GCC_WARN_64_TO_32_BIT_CONVERSION = YES;
				GCC_WARN_ABOUT_RETURN_TYPE = YES_ERROR;
				GCC_WARN_UNDECLARED_SELECTOR = YES;
				GCC_WARN_UNINITIALIZED_AUTOS = YES_AGGRESSIVE;
				GCC_WARN_UNUSED_FUNCTION = YES;
				GCC_WARN_UNUSED_VARIABLE = YES;
				IPHONEOS_DEPLOYMENT_TARGET = 12.1;
				MTL_ENABLE_DEBUG_INFO = NO;
				MTL_FAST_MATH = YES;
				SDKROOT = iphoneos;
				SWIFT_COMPILATION_MODE = wholemodule;
				SWIFT_OPTIMIZATION_LEVEL = "-O";
				VALIDATE_PRODUCT = YES;
			};
			name = Release;
		};
		4ED0281C21A328C800094EAF /* Debug */ = {
			isa = XCBuildConfiguration;
			buildSettings = {
				ASSETCATALOG_COMPILER_APPICON_NAME = AppIcon;
				CODE_SIGN_STYLE = Automatic;
				INFOPLIST_FILE = SportTeamManager/Info.plist;
				LD_RUNPATH_SEARCH_PATHS = (
					"$(inherited)",
					"@executable_path/Frameworks",
				);
				PRODUCT_BUNDLE_IDENTIFIER = veronika.danilova.SportTeamManager;
				PRODUCT_NAME = "$(TARGET_NAME)";
				SWIFT_VERSION = 4.2;
				TARGETED_DEVICE_FAMILY = "1,2";
			};
			name = Debug;
		};
		4ED0281D21A328C800094EAF /* Release */ = {
			isa = XCBuildConfiguration;
			buildSettings = {
				ASSETCATALOG_COMPILER_APPICON_NAME = AppIcon;
				CODE_SIGN_STYLE = Automatic;
				INFOPLIST_FILE = SportTeamManager/Info.plist;
				LD_RUNPATH_SEARCH_PATHS = (
					"$(inherited)",
					"@executable_path/Frameworks",
				);
				PRODUCT_BUNDLE_IDENTIFIER = veronika.danilova.SportTeamManager;
				PRODUCT_NAME = "$(TARGET_NAME)";
				SWIFT_VERSION = 4.2;
				TARGETED_DEVICE_FAMILY = "1,2";
			};
			name = Release;
		};
/* End XCBuildConfiguration section */

/* Begin XCConfigurationList section */
		4ED0280121A328C600094EAF /* Build configuration list for PBXProject "SportTeamManager" */ = {
			isa = XCConfigurationList;
			buildConfigurations = (
				4ED0281921A328C800094EAF /* Debug */,
				4ED0281A21A328C800094EAF /* Release */,
			);
			defaultConfigurationIsVisible = 0;
			defaultConfigurationName = Release;
		};
		4ED0281B21A328C800094EAF /* Build configuration list for PBXNativeTarget "SportTeamManager" */ = {
			isa = XCConfigurationList;
			buildConfigurations = (
				4ED0281C21A328C800094EAF /* Debug */,
				4ED0281D21A328C800094EAF /* Release */,
			);
			defaultConfigurationIsVisible = 0;
			defaultConfigurationName = Release;
		};
/* End XCConfigurationList section */

/* Begin XCVersionGroup section */
		4ED0281021A328C700094EAF /* SportTeam.xcdatamodeld */ = {
			isa = XCVersionGroup;
			children = (
				4ED0281121A328C700094EAF /* SportTeamManager.xcdatamodel */,
			);
			currentVersion = 4ED0281121A328C700094EAF /* SportTeamManager.xcdatamodel */;
			path = SportTeam.xcdatamodeld;
			sourceTree = "<group>";
			versionGroupType = wrapper.xcdatamodel;
		};
/* End XCVersionGroup section */
	};
	rootObject = 4ED027FE21A328C600094EAF /* Project object */;
}
